
Microsoft Visual Studio Solution File, Format Version 12.00
# Visual Studio Version 17
VisualStudioVersion = 17.7.34031.279
MinimumVisualStudioVersion = 10.0.40219.1
Project("{FAE04EC0-301F-11D3-BF4B-00C04F79EFBC}") = "EmployeesManagement", "EmployeesManagement.csproj", "{74774AAD-DBCC-4C56-B219-EE24294F4E14}"
EndProject
Global
	GlobalSection(SolutionConfigurationPlatforms) = preSolution
		Debug|Any CPU = Debug|Any CPU
		Release|Any CPU = Release|Any CPU
	EndGlobalSection
	GlobalSection(ProjectConfigurationPlatforms) = postSolution
		{74774AAD-DBCC-4C56-B219-EE24294F4E14}.Debug|Any CPU.ActiveCfg = Debug|Any CPU
		{74774AAD-DBCC-4C56-B219-EE24294F4E14}.Debug|Any CPU.Build.0 = Debug|Any CPU
		{74774AAD-DBCC-4C56-B219-EE24294F4E14}.Release|Any CPU.ActiveCfg = Release|Any CPU
		{74774AAD-DBCC-4C56-B219-EE24294F4E14}.Release|Any CPU.Build.0 = Release|Any CPU
	EndGlobalSection
	GlobalSection(SolutionProperties) = preSolution
		HideSolutionNode = FALSE
	EndGlobalSection
	GlobalSection(ExtensibilityGlobals) = postSolution
		SolutionGuid = {627A991D-EF73-471A-BA2B-F5A1B1C9FAD0}
	EndGlobalSection
EndGlobal
